
Microsoft Visual Studio Solution File, Format Version 12.00
# Visual Studio 15
VisualStudioVersion = 15.0.28307.539
MinimumVisualStudioVersion = 10.0.40219.1
Project("{FAE04EC0-301F-11D3-BF4B-00C04F79EFBC}") = "TheMovieDb.Android", "TheMovieDb\TheMovieDb.Android\TheMovieDb.Android.csproj", "{20F9EB5A-32C0-49CA-A0C6-8A8FB8BDCC64}"
EndProject
Project("{FAE04EC0-301F-11D3-BF4B-00C04F79EFBC}") = "TheMovieDb", "TheMovieDb\TheMovieDb\TheMovieDb.csproj", "{27F3BFA2-FDFC-4142-9503-2D742D63CF3C}"
EndProject
Global
	GlobalSection(SolutionConfigurationPlatforms) = preSolution
		Debug|Any CPU = Debug|Any CPU
		Release|Any CPU = Release|Any CPU
	EndGlobalSection
	GlobalSection(ProjectConfigurationPlatforms) = postSolution
		{20F9EB5A-32C0-49CA-A0C6-8A8FB8BDCC64}.Debug|Any CPU.ActiveCfg = Debug|Any CPU
		{20F9EB5A-32C0-49CA-A0C6-8A8FB8BDCC64}.Debug|Any CPU.Build.0 = Debug|Any CPU
		{20F9EB5A-32C0-49CA-A0C6-8A8FB8BDCC64}.Debug|Any CPU.Deploy.0 = Debug|Any CPU
		{20F9EB5A-32C0-49CA-A0C6-8A8FB8BDCC64}.Release|Any CPU.ActiveCfg = Release|Any CPU
		{20F9EB5A-32C0-49CA-A0C6-8A8FB8BDCC64}.Release|Any CPU.Build.0 = Release|Any CPU
		{20F9EB5A-32C0-49CA-A0C6-8A8FB8BDCC64}.Release|Any CPU.Deploy.0 = Release|Any CPU
		{27F3BFA2-FDFC-4142-9503-2D742D63CF3C}.Debug|Any CPU.ActiveCfg = Debug|Any CPU
		{27F3BFA2-FDFC-4142-9503-2D742D63CF3C}.Debug|Any CPU.Build.0 = Debug|Any CPU
		{27F3BFA2-FDFC-4142-9503-2D742D63CF3C}.Release|Any CPU.ActiveCfg = Release|Any CPU
		{27F3BFA2-FDFC-4142-9503-2D742D63CF3C}.Release|Any CPU.Build.0 = Release|Any CPU
	EndGlobalSection
	GlobalSection(SolutionProperties) = preSolution
		HideSolutionNode = FALSE
	EndGlobalSection
	GlobalSection(ExtensibilityGlobals) = postSolution
		SolutionGuid = {0FA15CDC-E61F-4E2B-9E99-0E839EBB898D}
	EndGlobalSection
EndGlobal
